
Microsoft Visual Studio Solution File, Format Version 12.00
# Visual Studio Version 16
VisualStudioVersion = 16.0.29215.179
MinimumVisualStudioVersion = 10.0.40219.1
Project("{FAE04EC0-301F-11D3-BF4B-00C04F79EFBC}") = "ModuleBase", "ModuleBase\ModuleBase.csproj", "{9E5171F7-3616-47EE-83A8-5B4F64B59537}"
EndProject
Global
	GlobalSection(SolutionConfigurationPlatforms) = preSolution
		Debug|Any CPU = Debug|Any CPU
		Release|Any CPU = Release|Any CPU
	EndGlobalSection
	GlobalSection(ProjectConfigurationPlatforms) = postSolution
		{9E5171F7-3616-47EE-83A8-5B4F64B59537}.Debug|Any CPU.ActiveCfg = Debug|Any CPU
		{9E5171F7-3616-47EE-83A8-5B4F64B59537}.Debug|Any CPU.Build.0 = Debug|Any CPU
		{9E5171F7-3616-47EE-83A8-5B4F64B59537}.Release|Any CPU.ActiveCfg = Release|Any CPU
		{9E5171F7-3616-47EE-83A8-5B4F64B59537}.Release|Any CPU.Build.0 = Release|Any CPU
	EndGlobalSection
	GlobalSection(SolutionProperties) = preSolution
		HideSolutionNode = FALSE
	EndGlobalSection
	GlobalSection(ExtensibilityGlobals) = postSolution
		SolutionGuid = {479DA23B-58D0-4BD0-9D3B-E560D0E453CF}
	EndGlobalSection
EndGlobal
